# This file is autogenerated, do not edit; changes may be undone by the next 'dep ensure'.


[[projects]]
  digest = "1:c79fb010be38a59d657c48c6ba1d003a8aa651fa56b579d959d74573b7dff8e1"
  name = "github.com/gorilla/context"
  packages = ["."]
  pruneopts = "UT"
  revision = "08b5f424b9271eedf6f9f0ce86cb9396ed337a42"
  version = "v1.1.1"

[[projects]]
  branch = "master"
  digest = "1:068288ad0724a7f57e7ca4def6324575dd474c377c8cc4f4ca52c56fade23a19"
  name = "github.com/gorilla/mux"
  packages = ["."]
  pruneopts = "UT"
  revision = "9e1f5955c0d22b55d9e20d6faa28589f83b2faca"

[[projects]]
  digest = "1:e72d1ebb8d395cf9f346fd9cbc652e5ae222dd85e0ac842dc57f175abed6d195"
  name = "github.com/gorilla/securecookie"
  packages = ["."]
  pruneopts = "UT"
  revision = "e59506cc896acb7f7bf732d4fdf5e25f7ccd8983"
  version = "v1.1.1"

[[projects]]
  digest = "1:0aa142ca3543fa3aca344c2fa2d52e01d706a3ce4e1fa893e0ef29b5349ddf7a"
  name = "github.com/gorilla/sessions"
  packages = ["."]
  pruneopts = "UT"
  revision = "81547393f870a35be888759a606ba7bf71dbe5c7"
  version = "v1.1.2"

[[projects]]
  branch = "master"
  digest = "1:bd1b5ce5a04000dbe5d1c22812699509c17a8572c6385a43023c7e08ea4e7623"
  name = "github.com/joeshaw/envdecode"
  packages = ["."]
  pruneopts = "UT"
  revision = "c9e0158544672841c3ebf49308f536d918f2e525"

[[projects]]
  digest = "1:40e195917a951a8bf867cd05de2a46aaf1806c50cf92eebf4c16f78cd196f747"
  name = "github.com/pkg/errors"
  packages = ["."]
  pruneopts = "UT"
  revision = "645ef00459ed84a119197bfb8d8205042c6df63d"
  version = "v0.8.0"

[solve-meta]
  analyzer-name = "dep"
  analyzer-version = 1
  input-imports = [
    "github.com/gorilla/mux",
    "github.com/gorilla/sessions",
    "github.com/joeshaw/envdecode",
    "github.com/pkg/errors",
  ]
  solver-name = "gps-cdcl"
  solver-version = 1
